
Microsoft Visual Studio Solution File, Format Version 12.00
# Visual Studio Version 17
VisualStudioVersion = 17.13.35825.156 d17.13
MinimumVisualStudioVersion = 10.0.40219.1
Project("{FAE04EC0-301F-11D3-BF4B-00C04F79EFBC}") = "Widgets2025", "Widgets2025\Widgets2025.csproj", "{B03F1AC2-E773-489F-85EB-1320059AA3A2}"
EndProject
Global
	GlobalSection(SolutionConfigurationPlatforms) = preSolution
		Debug|Any CPU = Debug|Any CPU
		Release|Any CPU = Release|Any CPU
	EndGlobalSection
	GlobalSection(ProjectConfigurationPlatforms) = postSolution
		{B03F1AC2-E773-489F-85EB-1320059AA3A2}.Debug|Any CPU.ActiveCfg = Debug|Any CPU
		{B03F1AC2-E773-489F-85EB-1320059AA3A2}.Debug|Any CPU.Build.0 = Debug|Any CPU
		{B03F1AC2-E773-489F-85EB-1320059AA3A2}.Release|Any CPU.ActiveCfg = Release|Any CPU
		{B03F1AC2-E773-489F-85EB-1320059AA3A2}.Release|Any CPU.Build.0 = Release|Any CPU
	EndGlobalSection
	GlobalSection(SolutionProperties) = preSolution
		HideSolutionNode = FALSE
	EndGlobalSection
	GlobalSection(ExtensibilityGlobals) = postSolution
		SolutionGuid = {140AA086-7CE5-4D2A-8C85-AD86644B1C87}
	EndGlobalSection
EndGlobal
